
Microsoft Visual Studio Solution File, Format Version 12.00
# Visual Studio Version 17
VisualStudioVersion = 17.5.33530.505
MinimumVisualStudioVersion = 10.0.40219.1
Project("{FAE04EC0-301F-11D3-BF4B-00C04F79EFBC}") = "FiniteStateMachineExample", "FiniteStateMachineExample.csproj", "{E0A04898-C67A-4B7C-A703-F139129B6FB3}"
EndProject
Global
	GlobalSection(SolutionConfigurationPlatforms) = preSolution
		Debug|Any CPU = Debug|Any CPU
		Release|Any CPU = Release|Any CPU
	EndGlobalSection
	GlobalSection(ProjectConfigurationPlatforms) = postSolution
		{E0A04898-C67A-4B7C-A703-F139129B6FB3}.Debug|Any CPU.ActiveCfg = Debug|Any CPU
		{E0A04898-C67A-4B7C-A703-F139129B6FB3}.Debug|Any CPU.Build.0 = Debug|Any CPU
		{E0A04898-C67A-4B7C-A703-F139129B6FB3}.Release|Any CPU.ActiveCfg = Release|Any CPU
		{E0A04898-C67A-4B7C-A703-F139129B6FB3}.Release|Any CPU.Build.0 = Release|Any CPU
	EndGlobalSection
	GlobalSection(SolutionProperties) = preSolution
		HideSolutionNode = FALSE
	EndGlobalSection
	GlobalSection(ExtensibilityGlobals) = postSolution
		SolutionGuid = {471D0884-9EEE-4DFA-ACE7-600D373B9EAD}
	EndGlobalSection
EndGlobal
